// !$*UTF8*$!
{
	archiveVersion = 1;
	classes = {
	};
	objectVersion = 50;
	objects = {

/* Begin PBXBuildFile section */
		6712DE04246B876700017650 /* extensions.swift in Sources */ = {isa = PBXBuildFile; fileRef = 6712DE03246B876700017650 /* extensions.swift */; };
		6712DE06246B90AE00017650 /* User.swift in Sources */ = {isa = PBXBuildFile; fileRef = 6712DE05246B90AE00017650 /* User.swift */; };
		67DD3ECA246B7D9500A699AA /* AppDelegate.swift in Sources */ = {isa = PBXBuildFile; fileRef = 67DD3EC9246B7D9500A699AA /* AppDelegate.swift */; };
		67DD3ECC246B7D9500A699AA /* SceneDelegate.swift in Sources */ = {isa = PBXBuildFile; fileRef = 67DD3ECB246B7D9500A699AA /* SceneDelegate.swift */; };
		67DD3ED1246B7D9500A699AA /* Main.storyboard in Resources */ = {isa = PBXBuildFile; fileRef = 67DD3ECF246B7D9500A699AA /* Main.storyboard */; };
		67DD3ED3246B7D9E00A699AA /* Assets.xcassets in Resources */ = {isa = PBXBuildFile; fileRef = 67DD3ED2246B7D9E00A699AA /* Assets.xcassets */; };
		67DD3ED6246B7D9E00A699AA /* LaunchScreen.storyboard in Resources */ = {isa = PBXBuildFile; fileRef = 67DD3ED4246B7D9E00A699AA /* LaunchScreen.storyboard */; };
		67DD3EDF246B7E4A00A699AA /* FollowersController.swift in Sources */ = {isa = PBXBuildFile; fileRef = 67DD3EDE246B7E4A00A699AA /* FollowersController.swift */; };
		67DD3EE3246B82B700A699AA /* UserCell.swift in Sources */ = {isa = PBXBuildFile; fileRef = 67DD3EE2246B82B700A699AA /* UserCell.swift */; };
/* End PBXBuildFile section */

/* Begin PBXFileReference section */
		6712DE03246B876700017650 /* extensions.swift */ = {isa = PBXFileReference; lastKnownFileType = sourcecode.swift; path = extensions.swift; sourceTree = "<group>"; };
		6712DE05246B90AE00017650 /* User.swift */ = {isa = PBXFileReference; lastKnownFileType = sourcecode.swift; path = User.swift; sourceTree = "<group>"; };
		67DD3EC6246B7D9500A699AA /* FollowPage.app */ = {isa = PBXFileReference; explicitFileType = wrapper.application; includeInIndex = 0; path = FollowPage.app; sourceTree = BUILT_PRODUCTS_DIR; };
		67DD3EC9246B7D9500A699AA /* AppDelegate.swift */ = {isa = PBXFileReference; lastKnownFileType = sourcecode.swift; path = AppDelegate.swift; sourceTree = "<group>"; };
		67DD3ECB246B7D9500A699AA /* SceneDelegate.swift */ = {isa = PBXFileReference; lastKnownFileType = sourcecode.swift; path = SceneDelegate.swift; sourceTree = "<group>"; };
		67DD3ED0246B7D9500A699AA /* Base */ = {isa = PBXFileReference; lastKnownFileType = file.storyboard; name = Base; path = Base.lproj/Main.storyboard; sourceTree = "<group>"; };
		67DD3ED2246B7D9E00A699AA /* Assets.xcassets */ = {isa = PBXFileReference; lastKnownFileType = folder.assetcatalog; path = Assets.xcassets; sourceTree = "<group>"; };
		67DD3ED5246B7D9E00A699AA /* Base */ = {isa = PBXFileReference; lastKnownFileType = file.storyboard; name = Base; path = Base.lproj/LaunchScreen.storyboard; sourceTree = "<group>"; };
		67DD3ED7246B7D9E00A699AA /* Info.plist */ = {isa = PBXFileReference; lastKnownFileType = text.plist.xml; path = Info.plist; sourceTree = "<group>"; };
		67DD3EDE246B7E4A00A699AA /* FollowersController.swift */ = {isa = PBXFileReference; lastKnownFileType = sourcecode.swift; path = FollowersController.swift; sourceTree = "<group>"; };
		67DD3EE2246B82B700A699AA /* UserCell.swift */ = {isa = PBXFileReference; lastKnownFileType = sourcecode.swift; path = UserCell.swift; sourceTree = "<group>"; };
/* End PBXFileReference section */

/* Begin PBXFrameworksBuildPhase section */
		67DD3EC3246B7D9500A699AA /* Frameworks */ = {
			isa = PBXFrameworksBuildPhase;
			buildActionMask = 2147483647;
			files = (
			);
			runOnlyForDeploymentPostprocessing = 0;
		};
/* End PBXFrameworksBuildPhase section */

/* Begin PBXGroup section */
		6712DE02246B873E00017650 /* Utils */ = {
			isa = PBXGroup;
			children = (
				6712DE03246B876700017650 /* extensions.swift */,
			);
			path = Utils;
			sourceTree = "<group>";
		};
		67DD3EBD246B7D9500A699AA = {
			isa = PBXGroup;
			children = (
				67DD3EC8246B7D9500A699AA /* FollowPage */,
				67DD3EC7246B7D9500A699AA /* Products */,
			);
			sourceTree = "<group>";
		};
		67DD3EC7246B7D9500A699AA /* Products */ = {
			isa = PBXGroup;
			children = (
				67DD3EC6246B7D9500A699AA /* FollowPage.app */,
			);
			name = Products;
			sourceTree = "<group>";
		};
		67DD3EC8246B7D9500A699AA /* FollowPage */ = {
			isa = PBXGroup;
			children = (
				67DD3EE1246B82A500A699AA /* Model */,
				67DD3EE0246B829B00A699AA /* View */,
				67DD3EDD246B7DFC00A699AA /* Controller */,
				6712DE02246B873E00017650 /* Utils */,
				67DD3EC9246B7D9500A699AA /* AppDelegate.swift */,
				67DD3ECB246B7D9500A699AA /* SceneDelegate.swift */,
				67DD3ECF246B7D9500A699AA /* Main.storyboard */,
				67DD3ED2246B7D9E00A699AA /* Assets.xcassets */,
				67DD3ED4246B7D9E00A699AA /* LaunchScreen.storyboard */,
				67DD3ED7246B7D9E00A699AA /* Info.plist */,
			);
			path = FollowPage;
			sourceTree = "<group>";
		};
		67DD3EDD246B7DFC00A699AA /* Controller */ = {
			isa = PBXGroup;
			children = (
				67DD3EDE246B7E4A00A699AA /* FollowersController.swift */,
			);
			path = Controller;
			sourceTree = "<group>";
		};
		67DD3EE0246B829B00A699AA /* View */ = {
			isa = PBXGroup;
			children = (
				67DD3EE2246B82B700A699AA /* UserCell.swift */,
			);
			path = View;
			sourceTree = "<group>";
		};
		67DD3EE1246B82A500A699AA /* Model */ = {
			isa = PBXGroup;
			children = (
				6712DE05246B90AE00017650 /* User.swift */,
			);
			path = Model;
			sourceTree = "<group>";
		};
/* End PBXGroup section */

/* Begin PBXNativeTarget section */
		67DD3EC5246B7D9500A699AA /* FollowPage */ = {
			isa = PBXNativeTarget;
			buildConfigurationList = 67DD3EDA246B7D9E00A699AA /* Build configuration list for PBXNativeTarget "FollowPage" */;
			buildPhases = (
				67DD3EC2246B7D9500A699AA /* Sources */,
				67DD3EC3246B7D9500A699AA /* Frameworks */,
				67DD3EC4246B7D9500A699AA /* Resources */,
			);
			buildRules = (
			);
			dependencies = (
			);
			name = FollowPage;
			productName = FollowPage;
			productReference = 67DD3EC6246B7D9500A699AA /* FollowPage.app */;
			productType = "com.apple.product-type.application";
		};
/* End PBXNativeTarget section */

/* Begin PBXProject section */
		67DD3EBE246B7D9500A699AA /* Project object */ = {
			isa = PBXProject;
			attributes = {
				LastSwiftUpdateCheck = 1140;
				LastUpgradeCheck = 1140;
				ORGANIZATIONNAME = "Antoine Perry";
				TargetAttributes = {
					67DD3EC5246B7D9500A699AA = {
						CreatedOnToolsVersion = 11.4.1;
					};
				};
			};
			buildConfigurationList = 67DD3EC1246B7D9500A699AA /* Build configuration list for PBXProject "FollowPage" */;
			compatibilityVersion = "Xcode 9.3";
			developmentRegion = en;
			hasScannedForEncodings = 0;
			knownRegions = (
				en,
				Base,
			);
			mainGroup = 67DD3EBD246B7D9500A699AA;
			productRefGroup = 67DD3EC7246B7D9500A699AA /* Products */;
			projectDirPath = "";
			projectRoot = "";
			targets = (
				67DD3EC5246B7D9500A699AA /* FollowPage */,
			);
		};
/* End PBXProject section */

/* Begin PBXResourcesBuildPhase section */
		67DD3EC4246B7D9500A699AA /* Resources */ = {
			isa = PBXResourcesBuildPhase;
			buildActionMask = 2147483647;
			files = (
				67DD3ED6246B7D9E00A699AA /* LaunchScreen.storyboard in Resources */,
				67DD3ED3246B7D9E00A699AA /* Assets.xcassets in Resources */,
				67DD3ED1246B7D9500A699AA /* Main.storyboard in Resources */,
			);
			runOnlyForDeploymentPostprocessing = 0;
		};
/* End PBXResourcesBuildPhase section */

/* Begin PBXSourcesBuildPhase section */
		67DD3EC2246B7D9500A699AA /* Sources */ = {
			isa = PBXSourcesBuildPhase;
			buildActionMask = 2147483647;
			files = (
				6712DE04246B876700017650 /* extensions.swift in Sources */,
				67DD3EE3246B82B700A699AA /* UserCell.swift in Sources */,
				6712DE06246B90AE00017650 /* User.swift in Sources */,
				67DD3EDF246B7E4A00A699AA /* FollowersController.swift in Sources */,
				67DD3ECA246B7D9500A699AA /* AppDelegate.swift in Sources */,
				67DD3ECC246B7D9500A699AA /* SceneDelegate.swift in Sources */,
			);
			runOnlyForDeploymentPostprocessing = 0;
		};
/* End PBXSourcesBuildPhase section */

/* Begin PBXVariantGroup section */
		67DD3ECF246B7D9500A699AA /* Main.storyboard */ = {
			isa = PBXVariantGroup;
			children = (
				67DD3ED0246B7D9500A699AA /* Base */,
			);
			name = Main.storyboard;
			sourceTree = "<group>";
		};
		67DD3ED4246B7D9E00A699AA /* LaunchScreen.storyboard */ = {
			isa = PBXVariantGroup;
			children = (
				67DD3ED5246B7D9E00A699AA /* Base */,
			);
			name = LaunchScreen.storyboard;
			sourceTree = "<group>";
		};
/* End PBXVariantGroup section */

/* Begin XCBuildConfiguration section */
		67DD3ED8246B7D9E00A699AA /* Debug */ = {
			isa = XCBuildConfiguration;
			buildSettings = {
				ALWAYS_SEARCH_USER_PATHS = NO;
				CLANG_ANALYZER_NONNULL = YES;
				CLANG_ANALYZER_NUMBER_OBJECT_CONVERSION = YES_AGGRESSIVE;
				CLANG_CXX_LANGUAGE_STANDARD = "gnu++14";
				CLANG_CXX_LIBRARY = "libc++";
				CLANG_ENABLE_MODULES = YES;
				CLANG_ENABLE_OBJC_ARC = YES;
				CLANG_ENABLE_OBJC_WEAK = YES;
				CLANG_WARN_BLOCK_CAPTURE_AUTORELEASING = YES;
				CLANG_WARN_BOOL_CONVERSION = YES;
				CLANG_WARN_COMMA = YES;
				CLANG_WARN_CONSTANT_CONVERSION = YES;
				CLANG_WARN_DEPRECATED_OBJC_IMPLEMENTATIONS = YES;
				CLANG_WARN_DIRECT_OBJC_ISA_USAGE = YES_ERROR;
				CLANG_WARN_DOCUMENTATION_COMMENTS = YES;
				CLANG_WARN_EMPTY_BODY = YES;
				CLANG_WARN_ENUM_CONVERSION = YES;
				CLANG_WARN_INFINITE_RECURSION = YES;
				CLANG_WARN_INT_CONVERSION = YES;
				CLANG_WARN_NON_LITERAL_NULL_CONVERSION = YES;
				CLANG_WARN_OBJC_IMPLICIT_RETAIN_SELF = YES;
				CLANG_WARN_OBJC_LITERAL_CONVERSION = YES;
				CLANG_WARN_OBJC_ROOT_CLASS = YES_ERROR;
				CLANG_WARN_RANGE_LOOP_ANALYSIS = YES;
				CLANG_WARN_STRICT_PROTOTYPES = YES;
				CLANG_WARN_SUSPICIOUS_MOVE = YES;
				CLANG_WARN_UNGUARDED_AVAILABILITY = YES_AGGRESSIVE;
				CLANG_WARN_UNREACHABLE_CODE = YES;
				CLANG_WARN__DUPLICATE_METHOD_MATCH = YES;
				COPY_PHASE_STRIP = NO;
				DEBUG_INFORMATION_FORMAT = dwarf;
				ENABLE_STRICT_OBJC_MSGSEND = YES;
				ENABLE_TESTABILITY = YES;
				GCC_C_LANGUAGE_STANDARD = gnu11;
				GCC_DYNAMIC_NO_PIC = NO;
				GCC_NO_COMMON_BLOCKS = YES;
				GCC_OPTIMIZATION_LEVEL = 0;
				GCC_PREPROCESSOR_DEFINITIONS = (
					"DEBUG=1",
					"$(inherited)",
				);
				GCC_WARN_64_TO_32_BIT_CONVERSION = YES;
				GCC_WARN_ABOUT_RETURN_TYPE = YES_ERROR;
				GCC_WARN_UNDECLARED_SELECTOR = YES;
				GCC_WARN_UNINITIALIZED_AUTOS = YES_AGGRESSIVE;
				GCC_WARN_UNUSED_FUNCTION = YES;
				GCC_WARN_UNUSED_VARIABLE = YES;
				IPHONEOS_DEPLOYMENT_TARGET = 13.4;
				MTL_ENABLE_DEBUG_INFO = INCLUDE_SOURCE;
				MTL_FAST_MATH = YES;
				ONLY_ACTIVE_ARCH = YES;
				SDKROOT = iphoneos;
				SWIFT_ACTIVE_COMPILATION_CONDITIONS = DEBUG;
				SWIFT_OPTIMIZATION_LEVEL = "-Onone";
			};
			name = Debug;
		};
		67DD3ED9246B7D9E00A699AA /* Release */ = {
			isa = XCBuildConfiguration;
			buildSettings = {
				ALWAYS_SEARCH_USER_PATHS = NO;
				CLANG_ANALYZER_NONNULL = YES;
				CLANG_ANALYZER_NUMBER_OBJECT_CONVERSION = YES_AGGRESSIVE;
				CLANG_CXX_LANGUAGE_STANDARD = "gnu++14";
				CLANG_CXX_LIBRARY = "libc++";
				CLANG_ENABLE_MODULES = YES;
				CLANG_ENABLE_OBJC_ARC = YES;
				CLANG_ENABLE_OBJC_WEAK = YES;
				CLANG_WARN_BLOCK_CAPTURE_AUTORELEASING = YES;
				CLANG_WARN_BOOL_CONVERSION = YES;
				CLANG_WARN_COMMA = YES;
				CLANG_WARN_CONSTANT_CONVERSION = YES;
				CLANG_WARN_DEPRECATED_OBJC_IMPLEMENTATIONS = YES;
				CLANG_WARN_DIRECT_OBJC_ISA_USAGE = YES_ERROR;
				CLANG_WARN_DOCUMENTATION_COMMENTS = YES;
				CLANG_WARN_EMPTY_BODY = YES;
				CLANG_WARN_ENUM_CONVERSION = YES;
				CLANG_WARN_INFINITE_RECURSION = YES;
				CLANG_WARN_INT_CONVERSION = YES;
				CLANG_WARN_NON_LITERAL_NULL_CONVERSION = YES;
				CLANG_WARN_OBJC_IMPLICIT_RETAIN_SELF = YES;
				CLANG_WARN_OBJC_LITERAL_CONVERSION = YES;
				CLANG_WARN_OBJC_ROOT_CLASS = YES_ERROR;
				CLANG_WARN_RANGE_LOOP_ANALYSIS = YES;
				CLANG_WARN_STRICT_PROTOTYPES = YES;
				CLANG_WARN_SUSPICIOUS_MOVE = YES;
				CLANG_WARN_UNGUARDED_AVAILABILITY = YES_AGGRESSIVE;
				CLANG_WARN_UNREACHABLE_CODE = YES;
				CLANG_WARN__DUPLICATE_METHOD_MATCH = YES;
				COPY_PHASE_STRIP = NO;
				DEBUG_INFORMATION_FORMAT = "dwarf-with-dsym";
				ENABLE_NS_ASSERTIONS = NO;
				ENABLE_STRICT_OBJC_MSGSEND = YES;
				GCC_C_LANGUAGE_STANDARD = gnu11;
				GCC_NO_COMMON_BLOCKS = YES;
				GCC_WARN_64_TO_32_BIT_CONVERSION = YES;
				GCC_WARN_ABOUT_RETURN_TYPE = YES_ERROR;
				GCC_WARN_UNDECLARED_SELECTOR = YES;
				GCC_WARN_UNINITIALIZED_AUTOS = YES_AGGRESSIVE;
				GCC_WARN_UNUSED_FUNCTION = YES;
				GCC_WARN_UNUSED_VARIABLE = YES;
				IPHONEOS_DEPLOYMENT_TARGET = 13.4;
				MTL_ENABLE_DEBUG_INFO = NO;
				MTL_FAST_MATH = YES;
				SDKROOT = iphoneos;
				SWIFT_COMPILATION_MODE = wholemodule;
				SWIFT_OPTIMIZATION_LEVEL = "-O";
				VALIDATE_PRODUCT = YES;
			};
			name = Release;
		};
		67DD3EDB246B7D9E00A699AA /* Debug */ = {
			isa = XCBuildConfiguration;
			buildSettings = {
				ASSETCATALOG_COMPILER_APPICON_NAME = AppIcon;
				CODE_SIGN_STYLE = Automatic;
				DEVELOPMENT_TEAM = 4H8VGPKG6U;
				INFOPLIST_FILE = FollowPage/Info.plist;
				LD_RUNPATH_SEARCH_PATHS = (
					"$(inherited)",
					"@executable_path/Frameworks",
				);
				PRODUCT_BUNDLE_IDENTIFIER = com.AntoinePerry.FollowPage;
				PRODUCT_NAME = "$(TARGET_NAME)";
				SWIFT_VERSION = 5.0;
				TARGETED_DEVICE_FAMILY = "1,2";
			};
			name = Debug;
		};
		67DD3EDC246B7D9E00A699AA /* Release */ = {
			isa = XCBuildConfiguration;
			buildSettings = {
				ASSETCATALOG_COMPILER_APPICON_NAME = AppIcon;
				CODE_SIGN_STYLE = Automatic;
				DEVELOPMENT_TEAM = 4H8VGPKG6U;
				INFOPLIST_FILE = FollowPage/Info.plist;
				LD_RUNPATH_SEARCH_PATHS = (
					"$(inherited)",
					"@executable_path/Frameworks",
				);
				PRODUCT_BUNDLE_IDENTIFIER = com.AntoinePerry.FollowPage;
				PRODUCT_NAME = "$(TARGET_NAME)";
				SWIFT_VERSION = 5.0;
				TARGETED_DEVICE_FAMILY = "1,2";
			};
			name = Release;
		};
/* End XCBuildConfiguration section */

/* Begin XCConfigurationList section */
		67DD3EC1246B7D9500A699AA /* Build configuration list for PBXProject "FollowPage" */ = {
			isa = XCConfigurationList;
			buildConfigurations = (
				67DD3ED8246B7D9E00A699AA /* Debug */,
				67DD3ED9246B7D9E00A699AA /* Release */,
			);
			defaultConfigurationIsVisible = 0;
			defaultConfigurationName = Release;
		};
		67DD3EDA246B7D9E00A699AA /* Build configuration list for PBXNativeTarget "FollowPage" */ = {
			isa = XCConfigurationList;
			buildConfigurations = (
				67DD3EDB246B7D9E00A699AA /* Debug */,
				67DD3EDC246B7D9E00A699AA /* Release */,
			);
			defaultConfigurationIsVisible = 0;
			defaultConfigurationName = Release;
		};
/* End XCConfigurationList section */
	};
	rootObject = 67DD3EBE246B7D9500A699AA /* Project object */;
}
